PODS:
  - Masonry (1.1.0)
  - SDWebImage (5.10.4):
    - SDWebImage/Core (= 5.10.4)
  - SDWebImage/Core (5.10.4)

DEPENDENCIES:
  - Masonry
  - SDWebImage

SPEC REPOS:
  trunk:
    - Masonry
    - SDWebImage

SPEC CHECKSUMS:
  Masonry: 678fab65091a9290e40e2832a55e7ab731aad201
  SDWebImage: c666b97e1fa9c64b4909816a903322018f0a9c84

PODFILE CHECKSUM: db064f2c25716797f6f3a53775abfd4101a72b1b

COCOAPODS: 1.10.0
