// !$*UTF8*$!
{
	archiveVersion = 1;
	classes = {
	};
	objectVersion = 51;
	objects = {

/* Begin PBXBuildFile section */
		005C7438F2CA2CD7BB0D0B6C /* Pods_CityMiTests.framework in Frameworks */ = {isa = PBXBuildFile; fileRef = 3CF7C0AB269FF19140B91E62 /* Pods_CityMiTests.framework */; };
		21A82AC225DDF8F9007B878C /* HomeViewController.m in Sources */ = {isa = PBXBuildFile; fileRef = 21A82AA625DDF8F9007B878C /* HomeViewController.m */; };
		21A82AC325DDF8F9007B878C /* MiHomeCellModel.m in Sources */ = {isa = PBXBuildFile; fileRef = 21A82AAA25DDF8F9007B878C /* MiHomeCellModel.m */; };
		21A82AC425DDF8F9007B878C /* MiHomeRcmdModel.m in Sources */ = {isa = PBXBuildFile; fileRef = 21A82AAC25DDF8F9007B878C /* MiHomeRcmdModel.m */; };
		21A82AC525DDF8F9007B878C /* MiRecommendCell.m in Sources */ = {isa = PBXBuildFile; fileRef = 21A82AAE25DDF8F9007B878C /* MiRecommendCell.m */; };
		21A82AC625DDF8F9007B878C /* MiHomeHeadView.m in Sources */ = {isa = PBXBuildFile; fileRef = 21A82AAF25DDF8F9007B878C /* MiHomeHeadView.m */; };
		21A82AC725DDF8F9007B878C /* HomeDatas.plist in Resources */ = {isa = PBXBuildFile; fileRef = 21A82AB325DDF8F9007B878C /* HomeDatas.plist */; };
		21A82AC825DDF8F9007B878C /* UIColor+MiColor.m in Sources */ = {isa = PBXBuildFile; fileRef = 21A82AB825DDF8F9007B878C /* UIColor+MiColor.m */; };
		21A82AC925DDF8F9007B878C /* main.m in Sources */ = {isa = PBXBuildFile; fileRef = 21A82AB925DDF8F9007B878C /* main.m */; };
		21A82ACA25DDF8F9007B878C /* AppDelegate.m in Sources */ = {isa = PBXBuildFile; fileRef = 21A82ABA25DDF8F9007B878C /* AppDelegate.m */; };
		21A82ACB25DDF8F9007B878C /* MiDetailViewController.m in Sources */ = {isa = PBXBuildFile; fileRef = 21A82ABD25DDF8F9007B878C /* MiDetailViewController.m */; };
		21A82ACC25DDF8F9007B878C /* MiScrollHeadView.m in Sources */ = {isa = PBXBuildFile; fileRef = 21A82AC025DDF8F9007B878C /* MiScrollHeadView.m */; };
		21C183FC25DE5F04004BD4DE /* MiSelectView.m in Sources */ = {isa = PBXBuildFile; fileRef = 21C183FB25DE5F04004BD4DE /* MiSelectView.m */; };
		21C1840225DE5F91004BD4DE /* MiSelectButton.m in Sources */ = {isa = PBXBuildFile; fileRef = 21C1840125DE5F91004BD4DE /* MiSelectButton.m */; };
		21E9DFAD25EE351400B50852 /* MiDetailRnmdTableHeadView.m in Sources */ = {isa = PBXBuildFile; fileRef = 21E9DFAC25EE351400B50852 /* MiDetailRnmdTableHeadView.m */; };
		21E9DFB625EF743700B50852 /* detailJson in Resources */ = {isa = PBXBuildFile; fileRef = 21E9DFB525EF743700B50852 /* detailJson */; };
		21E9DFCC25EF78F700B50852 /* MiDetailModel.m in Sources */ = {isa = PBXBuildFile; fileRef = 21E9DFCB25EF78F700B50852 /* MiDetailModel.m */; };
		21E9DFD225F0883100B50852 /* MiRmdCellModel.m in Sources */ = {isa = PBXBuildFile; fileRef = 21E9DFD125F0883100B50852 /* MiRmdCellModel.m */; };
		579FD1F025F31FE600E760D7 /* MiRmdTextCell.m in Sources */ = {isa = PBXBuildFile; fileRef = 579FD1EF25F31FE600E760D7 /* MiRmdTextCell.m */; };
		579FD1F625F6E49100E760D7 /* MiRmdPicCell.m in Sources */ = {isa = PBXBuildFile; fileRef = 579FD1F525F6E49100E760D7 /* MiRmdPicCell.m */; };
		57B73DCC25C554260074B543 /* Main.storyboard in Resources */ = {isa = PBXBuildFile; fileRef = 57B73DCA25C554260074B543 /* Main.storyboard */; };
		57B73DCE25C554270074B543 /* Assets.xcassets in Resources */ = {isa = PBXBuildFile; fileRef = 57B73DCD25C554270074B543 /* Assets.xcassets */; };
		57B73DD125C554270074B543 /* LaunchScreen.storyboard in Resources */ = {isa = PBXBuildFile; fileRef = 57B73DCF25C554270074B543 /* LaunchScreen.storyboard */; };
		57B73DDE25C554270074B543 /* CityMiTests.m in Sources */ = {isa = PBXBuildFile; fileRef = 57B73DDD25C554270074B543 /* CityMiTests.m */; };
		57B73DE925C554270074B543 /* CityMiUITests.m in Sources */ = {isa = PBXBuildFile; fileRef = 57B73DE825C554270074B543 /* CityMiUITests.m */; };
		57B73E3825C699980074B543 /* MiLaunchImage.png in Resources */ = {isa = PBXBuildFile; fileRef = 57B73E3725C699980074B543 /* MiLaunchImage.png */; };
		7347644296EE8C74894A6217 /* Pods_CityMi_CityMiUITests.framework in Frameworks */ = {isa = PBXBuildFile; fileRef = 13C9A96216989444041CA2C2 /* Pods_CityMi_CityMiUITests.framework */; };
		BED6ECE780FC301FBF95D92B /* Pods_CityMi.framework in Frameworks */ = {isa = PBXBuildFile; fileRef = CF2954C4E8A4443E865AD0A0 /* Pods_CityMi.framework */; };
/* End PBXBuildFile section */

/* Begin PBXContainerItemProxy section */
		57B73DDA25C554270074B543 /* PBXContainerItemProxy */ = {
			isa = PBXContainerItemProxy;
			containerPortal = 57B73DB625C554250074B543 /* Project object */;
			proxyType = 1;
			remoteGlobalIDString = 57B73DBD25C554260074B543;
			remoteInfo = CityMi;
		};
		57B73DE525C554270074B543 /* PBXContainerItemProxy */ = {
			isa = PBXContainerItemProxy;
			containerPortal = 57B73DB625C554250074B543 /* Project object */;
			proxyType = 1;
			remoteGlobalIDString = 57B73DBD25C554260074B543;
			remoteInfo = CityMi;
		};
/* End PBXContainerItemProxy section */

/* Begin PBXFileReference section */
		13C9A96216989444041CA2C2 /* Pods_CityMi_CityMiUITests.framework */ = {isa = PBXFileReference; explicitFileType = wrapper.framework; includeInIndex = 0; path = Pods_CityMi_CityMiUITests.framework; sourceTree = BUILT_PRODUCTS_DIR; };
		1823590A3BF79171421B4626 /* Pods-CityMi.release.xcconfig */ = {isa = PBXFileReference; includeInIndex = 1; lastKnownFileType = text.xcconfig; name = "Pods-CityMi.release.xcconfig"; path = "Target Support Files/Pods-CityMi/Pods-CityMi.release.xcconfig"; sourceTree = "<group>"; };
		21A82AA625DDF8F9007B878C /* HomeViewController.m */ = {isa = PBXFileReference; fileEncoding = 4; lastKnownFileType = sourcecode.c.objc; path = HomeViewController.m; sourceTree = "<group>"; };
		21A82AA725DDF8F9007B878C /* HomeViewController.h */ = {isa = PBXFileReference; fileEncoding = 4; lastKnownFileType = sourcecode.c.h; path = HomeViewController.h; sourceTree = "<group>"; };
		21A82AA925DDF8F9007B878C /* MiHomeRcmdModel.h */ = {isa = PBXFileReference; fileEncoding = 4; lastKnownFileType = sourcecode.c.h; path = MiHomeRcmdModel.h; sourceTree = "<group>"; };
		21A82AAA25DDF8F9007B878C /* MiHomeCellModel.m */ = {isa = PBXFileReference; fileEncoding = 4; lastKnownFileType = sourcecode.c.objc; path = MiHomeCellModel.m; sourceTree = "<group>"; };
		21A82AAB25DDF8F9007B878C /* MiHomeCellModel.h */ = {isa = PBXFileReference; fileEncoding = 4; lastKnownFileType = sourcecode.c.h; path = MiHomeCellModel.h; sourceTree = "<group>"; };
		21A82AAC25DDF8F9007B878C /* MiHomeRcmdModel.m */ = {isa = PBXFileReference; fileEncoding = 4; lastKnownFileType = sourcecode.c.objc; path = MiHomeRcmdModel.m; sourceTree = "<group>"; };
		21A82AAE25DDF8F9007B878C /* MiRecommendCell.m */ = {isa = PBXFileReference; fileEncoding = 4; lastKnownFileType = sourcecode.c.objc; path = MiRecommendCell.m; sourceTree = "<group>"; };
		21A82AAF25DDF8F9007B878C /* MiHomeHeadView.m */ = {isa = PBXFileReference; fileEncoding = 4; lastKnownFileType = sourcecode.c.objc; path = MiHomeHeadView.m; sourceTree = "<group>"; };
		21A82AB025DDF8F9007B878C /* MiRecommendCell.h */ = {isa = PBXFileReference; fileEncoding = 4; lastKnownFileType = sourcecode.c.h; path = MiRecommendCell.h; sourceTree = "<group>"; };
		21A82AB125DDF8F9007B878C /* MiHomeHeadView.h */ = {isa = PBXFileReference; fileEncoding = 4; lastKnownFileType = sourcecode.c.h; path = MiHomeHeadView.h; sourceTree = "<group>"; };
		21A82AB325DDF8F9007B878C /* HomeDatas.plist */ = {isa = PBXFileReference; fileEncoding = 4; lastKnownFileType = text.plist.xml; path = HomeDatas.plist; sourceTree = "<group>"; };
		21A82AB525DDF8F9007B878C /* AppDelegate.h */ = {isa = PBXFileReference; fileEncoding = 4; lastKnownFileType = sourcecode.c.h; path = AppDelegate.h; sourceTree = "<group>"; };
		21A82AB725DDF8F9007B878C /* UIColor+MiColor.h */ = {isa = PBXFileReference; fileEncoding = 4; lastKnownFileType = sourcecode.c.h; path = "UIColor+MiColor.h"; sourceTree = "<group>"; };
		21A82AB825DDF8F9007B878C /* UIColor+MiColor.m */ = {isa = PBXFileReference; fileEncoding = 4; lastKnownFileType = sourcecode.c.objc; path = "UIColor+MiColor.m"; sourceTree = "<group>"; };
		21A82AB925DDF8F9007B878C /* main.m */ = {isa = PBXFileReference; fileEncoding = 4; lastKnownFileType = sourcecode.c.objc; path = main.m; sourceTree = "<group>"; };
		21A82ABA25DDF8F9007B878C /* AppDelegate.m */ = {isa = PBXFileReference; fileEncoding = 4; lastKnownFileType = sourcecode.c.objc; path = AppDelegate.m; sourceTree = "<group>"; };
		21A82ABD25DDF8F9007B878C /* MiDetailViewController.m */ = {isa = PBXFileReference; fileEncoding = 4; lastKnownFileType = sourcecode.c.objc; path = MiDetailViewController.m; sourceTree = "<group>"; };
		21A82ABE25DDF8F9007B878C /* MiDetailViewController.h */ = {isa = PBXFileReference; fileEncoding = 4; lastKnownFileType = sourcecode.c.h; path = MiDetailViewController.h; sourceTree = "<group>"; };
		21A82AC025DDF8F9007B878C /* MiScrollHeadView.m */ = {isa = PBXFileReference; fileEncoding = 4; lastKnownFileType = sourcecode.c.objc; path = MiScrollHeadView.m; sourceTree = "<group>"; };
		21A82AC125DDF8F9007B878C /* MiScrollHeadView.h */ = {isa = PBXFileReference; fileEncoding = 4; lastKnownFileType = sourcecode.c.h; path = MiScrollHeadView.h; sourceTree = "<group>"; };
		21C183FA25DE5F04004BD4DE /* MiSelectView.h */ = {isa = PBXFileReference; lastKnownFileType = sourcecode.c.h; path = MiSelectView.h; sourceTree = "<group>"; };
		21C183FB25DE5F04004BD4DE /* MiSelectView.m */ = {isa = PBXFileReference; lastKnownFileType = sourcecode.c.objc; path = MiSelectView.m; sourceTree = "<group>"; };
		21C1840025DE5F91004BD4DE /* MiSelectButton.h */ = {isa = PBXFileReference; lastKnownFileType = sourcecode.c.h; path = MiSelectButton.h; sourceTree = "<group>"; };
		21C1840125DE5F91004BD4DE /* MiSelectButton.m */ = {isa = PBXFileReference; lastKnownFileType = sourcecode.c.objc; path = MiSelectButton.m; sourceTree = "<group>"; };
		21E9DFAB25EE351400B50852 /* MiDetailRnmdTableHeadView.h */ = {isa = PBXFileReference; lastKnownFileType = sourcecode.c.h; path = MiDetailRnmdTableHeadView.h; sourceTree = "<group>"; };
		21E9DFAC25EE351400B50852 /* MiDetailRnmdTableHeadView.m */ = {isa = PBXFileReference; lastKnownFileType = sourcecode.c.objc; path = MiDetailRnmdTableHeadView.m; sourceTree = "<group>"; };
		21E9DFB525EF743700B50852 /* detailJson */ = {isa = PBXFileReference; fileEncoding = 4; lastKnownFileType = text; path = detailJson; sourceTree = "<group>"; };
		21E9DFCA25EF78F700B50852 /* MiDetailModel.h */ = {isa = PBXFileReference; lastKnownFileType = sourcecode.c.h; path = MiDetailModel.h; sourceTree = "<group>"; };
		21E9DFCB25EF78F700B50852 /* MiDetailModel.m */ = {isa = PBXFileReference; lastKnownFileType = sourcecode.c.objc; path = MiDetailModel.m; sourceTree = "<group>"; };
		21E9DFD025F0883100B50852 /* MiRmdCellModel.h */ = {isa = PBXFileReference; lastKnownFileType = sourcecode.c.h; path = MiRmdCellModel.h; sourceTree = "<group>"; };
		21E9DFD125F0883100B50852 /* MiRmdCellModel.m */ = {isa = PBXFileReference; lastKnownFileType = sourcecode.c.objc; path = MiRmdCellModel.m; sourceTree = "<group>"; };
		3CF7C0AB269FF19140B91E62 /* Pods_CityMiTests.framework */ = {isa = PBXFileReference; explicitFileType = wrapper.framework; includeInIndex = 0; path = Pods_CityMiTests.framework; sourceTree = BUILT_PRODUCTS_DIR; };
		579FD1EE25F31FE600E760D7 /* MiRmdTextCell.h */ = {isa = PBXFileReference; lastKnownFileType = sourcecode.c.h; path = MiRmdTextCell.h; sourceTree = "<group>"; };
		579FD1EF25F31FE600E760D7 /* MiRmdTextCell.m */ = {isa = PBXFileReference; lastKnownFileType = sourcecode.c.objc; path = MiRmdTextCell.m; sourceTree = "<group>"; };
		579FD1F425F6E49100E760D7 /* MiRmdPicCell.h */ = {isa = PBXFileReference; lastKnownFileType = sourcecode.c.h; path = MiRmdPicCell.h; sourceTree = "<group>"; };
		579FD1F525F6E49100E760D7 /* MiRmdPicCell.m */ = {isa = PBXFileReference; lastKnownFileType = sourcecode.c.objc; path = MiRmdPicCell.m; sourceTree = "<group>"; };
		57B73DBE25C554260074B543 /* CityMi.app */ = {isa = PBXFileReference; explicitFileType = wrapper.application; includeInIndex = 0; path = CityMi.app; sourceTree = BUILT_PRODUCTS_DIR; };
		57B73DCB25C554260074B543 /* Base */ = {isa = PBXFileReference; lastKnownFileType = file.storyboard; name = Base; path = Base.lproj/Main.storyboard; sourceTree = "<group>"; };
		57B73DCD25C554270074B543 /* Assets.xcassets */ = {isa = PBXFileReference; lastKnownFileType = folder.assetcatalog; path = Assets.xcassets; sourceTree = "<group>"; };
		57B73DD025C554270074B543 /* Base */ = {isa = PBXFileReference; lastKnownFileType = file.storyboard; name = Base; path = Base.lproj/LaunchScreen.storyboard; sourceTree = "<group>"; };
		57B73DD225C554270074B543 /* Info.plist */ = {isa = PBXFileReference; lastKnownFileType = text.plist.xml; path = Info.plist; sourceTree = "<group>"; };
		57B73DD925C554270074B543 /* CityMiTests.xctest */ = {isa = PBXFileReference; explicitFileType = wrapper.cfbundle; includeInIndex = 0; path = CityMiTests.xctest; sourceTree = BUILT_PRODUCTS_DIR; };
		57B73DDD25C554270074B543 /* CityMiTests.m */ = {isa = PBXFileReference; lastKnownFileType = sourcecode.c.objc; path = CityMiTests.m; sourceTree = "<group>"; };
		57B73DDF25C554270074B543 /* Info.plist */ = {isa = PBXFileReference; lastKnownFileType = text.plist.xml; path = Info.plist; sourceTree = "<group>"; };
		57B73DE425C554270074B543 /* CityMiUITests.xctest */ = {isa = PBXFileReference; explicitFileType = wrapper.cfbundle; includeInIndex = 0; path = CityMiUITests.xctest; sourceTree = BUILT_PRODUCTS_DIR; };
		57B73DE825C554270074B543 /* CityMiUITests.m */ = {isa = PBXFileReference; lastKnownFileType = sourcecode.c.objc; path = CityMiUITests.m; sourceTree = "<group>"; };
		57B73DEA25C554270074B543 /* Info.plist */ = {isa = PBXFileReference; lastKnownFileType = text.plist.xml; path = Info.plist; sourceTree = "<group>"; };
		57B73E3725C699980074B543 /* MiLaunchImage.png */ = {isa = PBXFileReference; lastKnownFileType = image.png; path = MiLaunchImage.png; sourceTree = "<group>"; };
		57B73E5925C6AB850074B543 /* PrefixHeader.pch */ = {isa = PBXFileReference; lastKnownFileType = sourcecode.c.h; path = PrefixHeader.pch; sourceTree = "<group>"; };
		C254E3D9150A235FC4140EE9 /* Pods-CityMiTests.debug.xcconfig */ = {isa = PBXFileReference; includeInIndex = 1; lastKnownFileType = text.xcconfig; name = "Pods-CityMiTests.debug.xcconfig"; path = "Target Support Files/Pods-CityMiTests/Pods-CityMiTests.debug.xcconfig"; sourceTree = "<group>"; };
		C5F7C7987AC70590615AC6E0 /* Pods-CityMi.debug.xcconfig */ = {isa = PBXFileReference; includeInIndex = 1; lastKnownFileType = text.xcconfig; name = "Pods-CityMi.debug.xcconfig"; path = "Target Support Files/Pods-CityMi/Pods-CityMi.debug.xcconfig"; sourceTree = "<group>"; };
		CABA9A144C276E44229ADCD0 /* Pods-CityMi-CityMiUITests.debug.xcconfig */ = {isa = PBXFileReference; includeInIndex = 1; lastKnownFileType = text.xcconfig; name = "Pods-CityMi-CityMiUITests.debug.xcconfig"; path = "Target Support Files/Pods-CityMi-CityMiUITests/Pods-CityMi-CityMiUITests.debug.xcconfig"; sourceTree = "<group>"; };
		CF2954C4E8A4443E865AD0A0 /* Pods_CityMi.framework */ = {isa = PBXFileReference; explicitFileType = wrapper.framework; includeInIndex = 0; path = Pods_CityMi.framework; sourceTree = BUILT_PRODUCTS_DIR; };
		EB7CB1EC94CE972F8B26B68C /* Pods-CityMiTests.release.xcconfig */ = {isa = PBXFileReference; includeInIndex = 1; lastKnownFileType = text.xcconfig; name = "Pods-CityMiTests.release.xcconfig"; path = "Target Support Files/Pods-CityMiTests/Pods-CityMiTests.release.xcconfig"; sourceTree = "<group>"; };
		FD2B89A69B399E73B3F740D4 /* Pods-CityMi-CityMiUITests.release.xcconfig */ = {isa = PBXFileReference; includeInIndex = 1; lastKnownFileType = text.xcconfig; name = "Pods-CityMi-CityMiUITests.release.xcconfig"; path = "Target Support Files/Pods-CityMi-CityMiUITests/Pods-CityMi-CityMiUITests.release.xcconfig"; sourceTree = "<group>"; };
/* End PBXFileReference section */

/* Begin PBXFrameworksBuildPhase section */
		57B73DBB25C554260074B543 /* Frameworks */ = {
			isa = PBXFrameworksBuildPhase;
			buildActionMask = 2147483647;
			files = (
				BED6ECE780FC301FBF95D92B /* Pods_CityMi.framework in Frameworks */,
			);
			runOnlyForDeploymentPostprocessing = 0;
		};
		57B73DD625C554270074B543 /* Frameworks */ = {
			isa = PBXFrameworksBuildPhase;
			buildActionMask = 2147483647;
			files = (
				005C7438F2CA2CD7BB0D0B6C /* Pods_CityMiTests.framework in Frameworks */,
			);
			runOnlyForDeploymentPostprocessing = 0;
		};
		57B73DE125C554270074B543 /* Frameworks */ = {
			isa = PBXFrameworksBuildPhase;
			buildActionMask = 2147483647;
			files = (
				7347644296EE8C74894A6217 /* Pods_CityMi_CityMiUITests.framework in Frameworks */,
			);
			runOnlyForDeploymentPostprocessing = 0;
		};
/* End PBXFrameworksBuildPhase section */

/* Begin PBXGroup section */
		12A4BCB92DE88DAE8ACAFE8D /* Frameworks */ = {
			isa = PBXGroup;
			children = (
				CF2954C4E8A4443E865AD0A0 /* Pods_CityMi.framework */,
				13C9A96216989444041CA2C2 /* Pods_CityMi_CityMiUITests.framework */,
				3CF7C0AB269FF19140B91E62 /* Pods_CityMiTests.framework */,
			);
			name = Frameworks;
			sourceTree = "<group>";
		};
		21A82AA325DDF8F9007B878C /* Classes */ = {
			isa = PBXGroup;
			children = (
				21A82AA425DDF8F9007B878C /* Home */,
				21A82AB425DDF8F9007B878C /* Other */,
				21A82ABB25DDF8F9007B878C /* Detail */,
				21A82AB225DDF8F9007B878C /* CustomPlist */,
			);
			path = Classes;
			sourceTree = "<group>";
		};
		21A82AA425DDF8F9007B878C /* Home */ = {
			isa = PBXGroup;
			children = (
				21A82AA525DDF8F9007B878C /* Controller */,
				21A82AA825DDF8F9007B878C /* Model */,
				21A82AAD25DDF8F9007B878C /* View */,
			);
			path = Home;
			sourceTree = "<group>";
		};
		21A82AA525DDF8F9007B878C /* Controller */ = {
			isa = PBXGroup;
			children = (
				21A82AA625DDF8F9007B878C /* HomeViewController.m */,
				21A82AA725DDF8F9007B878C /* HomeViewController.h */,
			);
			path = Controller;
			sourceTree = "<group>";
		};
		21A82AA825DDF8F9007B878C /* Model */ = {
			isa = PBXGroup;
			children = (
				21A82AA925DDF8F9007B878C /* MiHomeRcmdModel.h */,
				21A82AAA25DDF8F9007B878C /* MiHomeCellModel.m */,
				21A82AAB25DDF8F9007B878C /* MiHomeCellModel.h */,
				21A82AAC25DDF8F9007B878C /* MiHomeRcmdModel.m */,
			);
			path = Model;
			sourceTree = "<group>";
		};
		21A82AAD25DDF8F9007B878C /* View */ = {
			isa = PBXGroup;
			children = (
				21A82AB025DDF8F9007B878C /* MiRecommendCell.h */,
				21A82AAE25DDF8F9007B878C /* MiRecommendCell.m */,
				21A82AB125DDF8F9007B878C /* MiHomeHeadView.h */,
				21A82AAF25DDF8F9007B878C /* MiHomeHeadView.m */,
			);
			path = View;
			sourceTree = "<group>";
		};
		21A82AB225DDF8F9007B878C /* CustomPlist */ = {
			isa = PBXGroup;
			children = (
				21E9DFB525EF743700B50852 /* detailJson */,
				21A82AB325DDF8F9007B878C /* HomeDatas.plist */,
			);
			path = CustomPlist;
			sourceTree = "<group>";
		};
		21A82AB425DDF8F9007B878C /* Other */ = {
			isa = PBXGroup;
			children = (
				21A82AB625DDF8F9007B878C /* Category */,
				21A82AB925DDF8F9007B878C /* main.m */,
				21A82AB525DDF8F9007B878C /* AppDelegate.h */,
				21A82ABA25DDF8F9007B878C /* AppDelegate.m */,
			);
			path = Other;
			sourceTree = "<group>";
		};
		21A82AB625DDF8F9007B878C /* Category */ = {
			isa = PBXGroup;
			children = (
				21A82AB725DDF8F9007B878C /* UIColor+MiColor.h */,
				21A82AB825DDF8F9007B878C /* UIColor+MiColor.m */,
			);
			path = Category;
			sourceTree = "<group>";
		};
		21A82ABB25DDF8F9007B878C /* Detail */ = {
			isa = PBXGroup;
			children = (
				21E9DFBA25EF748F00B50852 /* Model */,
				21A82ABC25DDF8F9007B878C /* Controller */,
				21A82ABF25DDF8F9007B878C /* View */,
			);
			path = Detail;
			sourceTree = "<group>";
		};
		21A82ABC25DDF8F9007B878C /* Controller */ = {
			isa = PBXGroup;
			children = (
				21A82ABE25DDF8F9007B878C /* MiDetailViewController.h */,
				21A82ABD25DDF8F9007B878C /* MiDetailViewController.m */,
			);
			path = Controller;
			sourceTree = "<group>";
		};
		21A82ABF25DDF8F9007B878C /* View */ = {
			isa = PBXGroup;
			children = (
				21A82AC125DDF8F9007B878C /* MiScrollHeadView.h */,
				21A82AC025DDF8F9007B878C /* MiScrollHeadView.m */,
				21C183FA25DE5F04004BD4DE /* MiSelectView.h */,
				21C183FB25DE5F04004BD4DE /* MiSelectView.m */,
				21C1840025DE5F91004BD4DE /* MiSelectButton.h */,
				21C1840125DE5F91004BD4DE /* MiSelectButton.m */,
				21E9DFAB25EE351400B50852 /* MiDetailRnmdTableHeadView.h */,
				21E9DFAC25EE351400B50852 /* MiDetailRnmdTableHeadView.m */,
				579FD1EE25F31FE600E760D7 /* MiRmdTextCell.h */,
				579FD1EF25F31FE600E760D7 /* MiRmdTextCell.m */,
				579FD1F425F6E49100E760D7 /* MiRmdPicCell.h */,
				579FD1F525F6E49100E760D7 /* MiRmdPicCell.m */,
			);
			path = View;
			sourceTree = "<group>";
		};
		21E9DFBA25EF748F00B50852 /* Model */ = {
			isa = PBXGroup;
			children = (
				21E9DFCA25EF78F700B50852 /* MiDetailModel.h */,
				21E9DFCB25EF78F700B50852 /* MiDetailModel.m */,
				21E9DFD025F0883100B50852 /* MiRmdCellModel.h */,
				21E9DFD125F0883100B50852 /* MiRmdCellModel.m */,
			);
			name = Model;
			sourceTree = "<group>";
		};
		57B73DB525C554250074B543 = {
			isa = PBXGroup;
			children = (
				57B73DC025C554260074B543 /* CityMi */,
				57B73DDC25C554270074B543 /* CityMiTests */,
				57B73DE725C554270074B543 /* CityMiUITests */,
				57B73DBF25C554260074B543 /* Products */,
				6F1CA400335DE7F5C9EAD997 /* Pods */,
				12A4BCB92DE88DAE8ACAFE8D /* Frameworks */,
			);
			sourceTree = "<group>";
		};
		57B73DBF25C554260074B543 /* Products */ = {
			isa = PBXGroup;
			children = (
				57B73DBE25C554260074B543 /* CityMi.app */,
				57B73DD925C554270074B543 /* CityMiTests.xctest */,
				57B73DE425C554270074B543 /* CityMiUITests.xctest */,
			);
			name = Products;
			sourceTree = "<group>";
		};
		57B73DC025C554260074B543 /* CityMi */ = {
			isa = PBXGroup;
			children = (
				21A82AA325DDF8F9007B878C /* Classes */,
				57B73E2A25C6969E0074B543 /* Supporting Files */,
				57B73DCA25C554260074B543 /* Main.storyboard */,
				57B73DCD25C554270074B543 /* Assets.xcassets */,
				57B73DCF25C554270074B543 /* LaunchScreen.storyboard */,
			);
			path = CityMi;
			sourceTree = "<group>";
		};
		57B73DDC25C554270074B543 /* CityMiTests */ = {
			isa = PBXGroup;
			children = (
				57B73DDD25C554270074B543 /* CityMiTests.m */,
				57B73DDF25C554270074B543 /* Info.plist */,
			);
			path = CityMiTests;
			sourceTree = "<group>";
		};
		57B73DE725C554270074B543 /* CityMiUITests */ = {
			isa = PBXGroup;
			children = (
				57B73DE825C554270074B543 /* CityMiUITests.m */,
				57B73DEA25C554270074B543 /* Info.plist */,
			);
			path = CityMiUITests;
			sourceTree = "<group>";
		};
		57B73E2A25C6969E0074B543 /* Supporting Files */ = {
			isa = PBXGroup;
			children = (
				57B73E3725C699980074B543 /* MiLaunchImage.png */,
				57B73DD225C554270074B543 /* Info.plist */,
				57B73E5925C6AB850074B543 /* PrefixHeader.pch */,
			);
			path = "Supporting Files";
			sourceTree = "<group>";
		};
		6F1CA400335DE7F5C9EAD997 /* Pods */ = {
			isa = PBXGroup;
			children = (
				C5F7C7987AC70590615AC6E0 /* Pods-CityMi.debug.xcconfig */,
				1823590A3BF79171421B4626 /* Pods-CityMi.release.xcconfig */,
				CABA9A144C276E44229ADCD0 /* Pods-CityMi-CityMiUITests.debug.xcconfig */,
				FD2B89A69B399E73B3F740D4 /* Pods-CityMi-CityMiUITests.release.xcconfig */,
				C254E3D9150A235FC4140EE9 /* Pods-CityMiTests.debug.xcconfig */,
				EB7CB1EC94CE972F8B26B68C /* Pods-CityMiTests.release.xcconfig */,
			);
			path = Pods;
			sourceTree = "<group>";
		};
/* End PBXGroup section */

/* Begin PBXNativeTarget section */
		57B73DBD25C554260074B543 /* CityMi */ = {
			isa = PBXNativeTarget;
			buildConfigurationList = 57B73DED25C554270074B543 /* Build configuration list for PBXNativeTarget "CityMi" */;
			buildPhases = (
				15A06CC63BC1C5EFD373CD42 /* [CP] Check Pods Manifest.lock */,
				57B73DBA25C554260074B543 /* Sources */,
				57B73DBB25C554260074B543 /* Frameworks */,
				57B73DBC25C554260074B543 /* Resources */,
				9E00756CBE75B6202488079F /* [CP] Embed Pods Frameworks */,
			);
			buildRules = (
			);
			dependencies = (
			);
			name = CityMi;
			productName = CityMi;
			productReference = 57B73DBE25C554260074B543 /* CityMi.app */;
			productType = "com.apple.product-type.application";
		};
		57B73DD825C554270074B543 /* CityMiTests */ = {
			isa = PBXNativeTarget;
			buildConfigurationList = 57B73DF025C554270074B543 /* Build configuration list for PBXNativeTarget "CityMiTests" */;
			buildPhases = (
				2473E5507DF9653C8ADD3955 /* [CP] Check Pods Manifest.lock */,
				57B73DD525C554270074B543 /* Sources */,
				57B73DD625C554270074B543 /* Frameworks */,
				57B73DD725C554270074B543 /* Resources */,
			);
			buildRules = (
			);
			dependencies = (
				57B73DDB25C554270074B543 /* PBXTargetDependency */,
			);
			name = CityMiTests;
			productName = CityMiTests;
			productReference = 57B73DD925C554270074B543 /* CityMiTests.xctest */;
			productType = "com.apple.product-type.bundle.unit-test";
		};
		57B73DE325C554270074B543 /* CityMiUITests */ = {
			isa = PBXNativeTarget;
			buildConfigurationList = 57B73DF325C554270074B543 /* Build configuration list for PBXNativeTarget "CityMiUITests" */;
			buildPhases = (
				3E39A7D8484D567886FBDC30 /* [CP] Check Pods Manifest.lock */,
				57B73DE025C554270074B543 /* Sources */,
				57B73DE125C554270074B543 /* Frameworks */,
				57B73DE225C554270074B543 /* Resources */,
				18D6C23FBE390F671DEBE5A1 /* [CP] Embed Pods Frameworks */,
			);
			buildRules = (
			);
			dependencies = (
				57B73DE625C554270074B543 /* PBXTargetDependency */,
			);
			name = CityMiUITests;
			productName = CityMiUITests;
			productReference = 57B73DE425C554270074B543 /* CityMiUITests.xctest */;
			productType = "com.apple.product-type.bundle.ui-testing";
		};
/* End PBXNativeTarget section */

/* Begin PBXProject section */
		57B73DB625C554250074B543 /* Project object */ = {
			isa = PBXProject;
			attributes = {
				LastUpgradeCheck = 1240;
				TargetAttributes = {
					57B73DBD25C554260074B543 = {
						CreatedOnToolsVersion = 12.4;
					};
					57B73DD825C554270074B543 = {
						CreatedOnToolsVersion = 12.4;
						TestTargetID = 57B73DBD25C554260074B543;
					};
					57B73DE325C554270074B543 = {
						CreatedOnToolsVersion = 12.4;
						TestTargetID = 57B73DBD25C554260074B543;
					};
				};
			};
			buildConfigurationList = 57B73DB925C554250074B543 /* Build configuration list for PBXProject "CityMi" */;
			compatibilityVersion = "Xcode 9.3";
			developmentRegion = en;
			hasScannedForEncodings = 0;
			knownRegions = (
				en,
				Base,
			);
			mainGroup = 57B73DB525C554250074B543;
			productRefGroup = 57B73DBF25C554260074B543 /* Products */;
			projectDirPath = "";
			projectRoot = "";
			targets = (
				57B73DBD25C554260074B543 /* CityMi */,
				57B73DD825C554270074B543 /* CityMiTests */,
				57B73DE325C554270074B543 /* CityMiUITests */,
			);
		};
/* End PBXProject section */

/* Begin PBXResourcesBuildPhase section */
		57B73DBC25C554260074B543 /* Resources */ = {
			isa = PBXResourcesBuildPhase;
			buildActionMask = 2147483647;
			files = (
				57B73E3825C699980074B543 /* MiLaunchImage.png in Resources */,
				57B73DD125C554270074B543 /* LaunchScreen.storyboard in Resources */,
				57B73DCE25C554270074B543 /* Assets.xcassets in Resources */,
				21E9DFB625EF743700B50852 /* detailJson in Resources */,
				21A82AC725DDF8F9007B878C /* HomeDatas.plist in Resources */,
				57B73DCC25C554260074B543 /* Main.storyboard in Resources */,
			);
			runOnlyForDeploymentPostprocessing = 0;
		};
		57B73DD725C554270074B543 /* Resources */ = {
			isa = PBXResourcesBuildPhase;
			buildActionMask = 2147483647;
			files = (
			);
			runOnlyForDeploymentPostprocessing = 0;
		};
		57B73DE225C554270074B543 /* Resources */ = {
			isa = PBXResourcesBuildPhase;
			buildActionMask = 2147483647;
			files = (
			);
			runOnlyForDeploymentPostprocessing = 0;
		};
/* End PBXResourcesBuildPhase section */

/* Begin PBXShellScriptBuildPhase section */
		15A06CC63BC1C5EFD373CD42 /* [CP] Check Pods Manifest.lock */ = {
			isa = PBXShellScriptBuildPhase;
			buildActionMask = 2147483647;
			files = (
			);
			inputFileListPaths = (
			);
			inputPaths = (
				"${PODS_PODFILE_DIR_PATH}/Podfile.lock",
				"${PODS_ROOT}/Manifest.lock",
			);
			name = "[CP] Check Pods Manifest.lock";
			outputFileListPaths = (
			);
			outputPaths = (
				"$(DERIVED_FILE_DIR)/Pods-CityMi-checkManifestLockResult.txt",
			);
			runOnlyForDeploymentPostprocessing = 0;
			shellPath = /bin/sh;
			shellScript = "diff \"${PODS_PODFILE_DIR_PATH}/Podfile.lock\" \"${PODS_ROOT}/Manifest.lock\" > /dev/null\nif [ $? != 0 ] ; then\n    # print error to STDERR\n    echo \"error: The sandbox is not in sync with the Podfile.lock. Run 'pod install' or update your CocoaPods installation.\" >&2\n    exit 1\nfi\n# This output is used by Xcode 'outputs' to avoid re-running this script phase.\necho \"SUCCESS\" > \"${SCRIPT_OUTPUT_FILE_0}\"\n";
			showEnvVarsInLog = 0;
		};
		18D6C23FBE390F671DEBE5A1 /* [CP] Embed Pods Frameworks */ = {
			isa = PBXShellScriptBuildPhase;
			buildActionMask = 2147483647;
			files = (
			);
			inputFileListPaths = (
				"${PODS_ROOT}/Target Support Files/Pods-CityMi-CityMiUITests/Pods-CityMi-CityMiUITests-frameworks-${CONFIGURATION}-input-files.xcfilelist",
			);
			name = "[CP] Embed Pods Frameworks";
			outputFileListPaths = (
				"${PODS_ROOT}/Target Support Files/Pods-CityMi-CityMiUITests/Pods-CityMi-CityMiUITests-frameworks-${CONFIGURATION}-output-files.xcfilelist",
			);
			runOnlyForDeploymentPostprocessing = 0;
			shellPath = /bin/sh;
			shellScript = "\"${PODS_ROOT}/Target Support Files/Pods-CityMi-CityMiUITests/Pods-CityMi-CityMiUITests-frameworks.sh\"\n";
			showEnvVarsInLog = 0;
		};
		2473E5507DF9653C8ADD3955 /* [CP] Check Pods Manifest.lock */ = {
			isa = PBXShellScriptBuildPhase;
			buildActionMask = 2147483647;
			files = (
			);
			inputFileListPaths = (
			);
			inputPaths = (
				"${PODS_PODFILE_DIR_PATH}/Podfile.lock",
				"${PODS_ROOT}/Manifest.lock",
			);
			name = "[CP] Check Pods Manifest.lock";
			outputFileListPaths = (
			);
			outputPaths = (
				"$(DERIVED_FILE_DIR)/Pods-CityMiTests-checkManifestLockResult.txt",
			);
			runOnlyForDeploymentPostprocessing = 0;
			shellPath = /bin/sh;
			shellScript = "diff \"${PODS_PODFILE_DIR_PATH}/Podfile.lock\" \"${PODS_ROOT}/Manifest.lock\" > /dev/null\nif [ $? != 0 ] ; then\n    # print error to STDERR\n    echo \"error: The sandbox is not in sync with the Podfile.lock. Run 'pod install' or update your CocoaPods installation.\" >&2\n    exit 1\nfi\n# This output is used by Xcode 'outputs' to avoid re-running this script phase.\necho \"SUCCESS\" > \"${SCRIPT_OUTPUT_FILE_0}\"\n";
			showEnvVarsInLog = 0;
		};
		3E39A7D8484D567886FBDC30 /* [CP] Check Pods Manifest.lock */ = {
			isa = PBXShellScriptBuildPhase;
			buildActionMask = 2147483647;
			files = (
			);
			inputFileListPaths = (
			);
			inputPaths = (
				"${PODS_PODFILE_DIR_PATH}/Podfile.lock",
				"${PODS_ROOT}/Manifest.lock",
			);
			name = "[CP] Check Pods Manifest.lock";
			outputFileListPaths = (
			);
			outputPaths = (
				"$(DERIVED_FILE_DIR)/Pods-CityMi-CityMiUITests-checkManifestLockResult.txt",
			);
			runOnlyForDeploymentPostprocessing = 0;
			shellPath = /bin/sh;
			shellScript = "diff \"${PODS_PODFILE_DIR_PATH}/Podfile.lock\" \"${PODS_ROOT}/Manifest.lock\" > /dev/null\nif [ $? != 0 ] ; then\n    # print error to STDERR\n    echo \"error: The sandbox is not in sync with the Podfile.lock. Run 'pod install' or update your CocoaPods installation.\" >&2\n    exit 1\nfi\n# This output is used by Xcode 'outputs' to avoid re-running this script phase.\necho \"SUCCESS\" > \"${SCRIPT_OUTPUT_FILE_0}\"\n";
			showEnvVarsInLog = 0;
		};
		9E00756CBE75B6202488079F /* [CP] Embed Pods Frameworks */ = {
			isa = PBXShellScriptBuildPhase;
			buildActionMask = 2147483647;
			files = (
			);
			inputFileListPaths = (
				"${PODS_ROOT}/Target Support Files/Pods-CityMi/Pods-CityMi-frameworks-${CONFIGURATION}-input-files.xcfilelist",
			);
			name = "[CP] Embed Pods Frameworks";
			outputFileListPaths = (
				"${PODS_ROOT}/Target Support Files/Pods-CityMi/Pods-CityMi-frameworks-${CONFIGURATION}-output-files.xcfilelist",
			);
			runOnlyForDeploymentPostprocessing = 0;
			shellPath = /bin/sh;
			shellScript = "\"${PODS_ROOT}/Target Support Files/Pods-CityMi/Pods-CityMi-frameworks.sh\"\n";
			showEnvVarsInLog = 0;
		};
/* End PBXShellScriptBuildPhase section */

/* Begin PBXSourcesBuildPhase section */
		57B73DBA25C554260074B543 /* Sources */ = {
			isa = PBXSourcesBuildPhase;
			buildActionMask = 2147483647;
			files = (
				21A82AC525DDF8F9007B878C /* MiRecommendCell.m in Sources */,
				21C1840225DE5F91004BD4DE /* MiSelectButton.m in Sources */,
				21A82AC825DDF8F9007B878C /* UIColor+MiColor.m in Sources */,
				21A82AC325DDF8F9007B878C /* MiHomeCellModel.m in Sources */,
				21C183FC25DE5F04004BD4DE /* MiSelectView.m in Sources */,
				21A82ACC25DDF8F9007B878C /* MiScrollHeadView.m in Sources */,
				21E9DFAD25EE351400B50852 /* MiDetailRnmdTableHeadView.m in Sources */,
				21A82AC225DDF8F9007B878C /* HomeViewController.m in Sources */,
				579FD1F025F31FE600E760D7 /* MiRmdTextCell.m in Sources */,
				21A82ACA25DDF8F9007B878C /* AppDelegate.m in Sources */,
				21E9DFD225F0883100B50852 /* MiRmdCellModel.m in Sources */,
				21A82AC625DDF8F9007B878C /* MiHomeHeadView.m in Sources */,
				21A82AC925DDF8F9007B878C /* main.m in Sources */,
				21A82AC425DDF8F9007B878C /* MiHomeRcmdModel.m in Sources */,
				21E9DFCC25EF78F700B50852 /* MiDetailModel.m in Sources */,
				579FD1F625F6E49100E760D7 /* MiRmdPicCell.m in Sources */,
				21A82ACB25DDF8F9007B878C /* MiDetailViewController.m in Sources */,
			);
			runOnlyForDeploymentPostprocessing = 0;
		};
		57B73DD525C554270074B543 /* Sources */ = {
			isa = PBXSourcesBuildPhase;
			buildActionMask = 2147483647;
			files = (
				57B73DDE25C554270074B543 /* CityMiTests.m in Sources */,
			);
			runOnlyForDeploymentPostprocessing = 0;
		};
		57B73DE025C554270074B543 /* Sources */ = {
			isa = PBXSourcesBuildPhase;
			buildActionMask = 2147483647;
			files = (
				57B73DE925C554270074B543 /* CityMiUITests.m in Sources */,
			);
			runOnlyForDeploymentPostprocessing = 0;
		};
/* End PBXSourcesBuildPhase section */

/* Begin PBXTargetDependency section */
		57B73DDB25C554270074B543 /* PBXTargetDependency */ = {
			isa = PBXTargetDependency;
			target = 57B73DBD25C554260074B543 /* CityMi */;
			targetProxy = 57B73DDA25C554270074B543 /* PBXContainerItemProxy */;
		};
		57B73DE625C554270074B543 /* PBXTargetDependency */ = {
			isa = PBXTargetDependency;
			target = 57B73DBD25C554260074B543 /* CityMi */;
			targetProxy = 57B73DE525C554270074B543 /* PBXContainerItemProxy */;
		};
/* End PBXTargetDependency section */

/* Begin PBXVariantGroup section */
		57B73DCA25C554260074B543 /* Main.storyboard */ = {
			isa = PBXVariantGroup;
			children = (
				57B73DCB25C554260074B543 /* Base */,
			);
			name = Main.storyboard;
			sourceTree = "<group>";
		};
		57B73DCF25C554270074B543 /* LaunchScreen.storyboard */ = {
			isa = PBXVariantGroup;
			children = (
				57B73DD025C554270074B543 /* Base */,
			);
			name = LaunchScreen.storyboard;
			sourceTree = "<group>";
		};
/* End PBXVariantGroup section */

/* Begin XCBuildConfiguration section */
		57B73DEB25C554270074B543 /* Debug */ = {
			isa = XCBuildConfiguration;
			buildSettings = {
				ALWAYS_SEARCH_USER_PATHS = NO;
				CLANG_ANALYZER_NONNULL = YES;
				CLANG_ANALYZER_NUMBER_OBJECT_CONVERSION = YES_AGGRESSIVE;
				CLANG_CXX_LANGUAGE_STANDARD = "gnu++14";
				CLANG_CXX_LIBRARY = "libc++";
				CLANG_ENABLE_MODULES = YES;
				CLANG_ENABLE_OBJC_ARC = YES;
				CLANG_ENABLE_OBJC_WEAK = YES;
				CLANG_WARN_BLOCK_CAPTURE_AUTORELEASING = YES;
				CLANG_WARN_BOOL_CONVERSION = YES;
				CLANG_WARN_COMMA = YES;
				CLANG_WARN_CONSTANT_CONVERSION = YES;
				CLANG_WARN_DEPRECATED_OBJC_IMPLEMENTATIONS = YES;
				CLANG_WARN_DIRECT_OBJC_ISA_USAGE = YES_ERROR;
				CLANG_WARN_DOCUMENTATION_COMMENTS = YES;
				CLANG_WARN_EMPTY_BODY = YES;
				CLANG_WARN_ENUM_CONVERSION = YES;
				CLANG_WARN_INFINITE_RECURSION = YES;
				CLANG_WARN_INT_CONVERSION = YES;
				CLANG_WARN_NON_LITERAL_NULL_CONVERSION = YES;
				CLANG_WARN_OBJC_IMPLICIT_RETAIN_SELF = YES;
				CLANG_WARN_OBJC_LITERAL_CONVERSION = YES;
				CLANG_WARN_OBJC_ROOT_CLASS = YES_ERROR;
				CLANG_WARN_QUOTED_INCLUDE_IN_FRAMEWORK_HEADER = YES;
				CLANG_WARN_RANGE_LOOP_ANALYSIS = YES;
				CLANG_WARN_STRICT_PROTOTYPES = YES;
				CLANG_WARN_SUSPICIOUS_MOVE = YES;
				CLANG_WARN_UNGUARDED_AVAILABILITY = YES_AGGRESSIVE;
				CLANG_WARN_UNREACHABLE_CODE = YES;
				CLANG_WARN__DUPLICATE_METHOD_MATCH = YES;
				COPY_PHASE_STRIP = NO;
				DEBUG_INFORMATION_FORMAT = dwarf;
				ENABLE_STRICT_OBJC_MSGSEND = YES;
				ENABLE_TESTABILITY = YES;
				GCC_C_LANGUAGE_STANDARD = gnu11;
				GCC_DYNAMIC_NO_PIC = NO;
				GCC_NO_COMMON_BLOCKS = YES;
				GCC_OPTIMIZATION_LEVEL = 0;
				GCC_PREPROCESSOR_DEFINITIONS = (
					"DEBUG=1",
					"$(inherited)",
				);
				GCC_WARN_64_TO_32_BIT_CONVERSION = YES;
				GCC_WARN_ABOUT_RETURN_TYPE = YES_ERROR;
				GCC_WARN_UNDECLARED_SELECTOR = YES;
				GCC_WARN_UNINITIALIZED_AUTOS = YES_AGGRESSIVE;
				GCC_WARN_UNUSED_FUNCTION = YES;
				GCC_WARN_UNUSED_VARIABLE = YES;
				IPHONEOS_DEPLOYMENT_TARGET = 14.4;
				MTL_ENABLE_DEBUG_INFO = INCLUDE_SOURCE;
				MTL_FAST_MATH = YES;
				ONLY_ACTIVE_ARCH = YES;
				SDKROOT = iphoneos;
			};
			name = Debug;
		};
		57B73DEC25C554270074B543 /* Release */ = {
			isa = XCBuildConfiguration;
			buildSettings = {
				ALWAYS_SEARCH_USER_PATHS = NO;
				CLANG_ANALYZER_NONNULL = YES;
				CLANG_ANALYZER_NUMBER_OBJECT_CONVERSION = YES_AGGRESSIVE;
				CLANG_CXX_LANGUAGE_STANDARD = "gnu++14";
				CLANG_CXX_LIBRARY = "libc++";
				CLANG_ENABLE_MODULES = YES;
				CLANG_ENABLE_OBJC_ARC = YES;
				CLANG_ENABLE_OBJC_WEAK = YES;
				CLANG_WARN_BLOCK_CAPTURE_AUTORELEASING = YES;
				CLANG_WARN_BOOL_CONVERSION = YES;
				CLANG_WARN_COMMA = YES;
				CLANG_WARN_CONSTANT_CONVERSION = YES;
				CLANG_WARN_DEPRECATED_OBJC_IMPLEMENTATIONS = YES;
				CLANG_WARN_DIRECT_OBJC_ISA_USAGE = YES_ERROR;
				CLANG_WARN_DOCUMENTATION_COMMENTS = YES;
				CLANG_WARN_EMPTY_BODY = YES;
				CLANG_WARN_ENUM_CONVERSION = YES;
				CLANG_WARN_INFINITE_RECURSION = YES;
				CLANG_WARN_INT_CONVERSION = YES;
				CLANG_WARN_NON_LITERAL_NULL_CONVERSION = YES;
				CLANG_WARN_OBJC_IMPLICIT_RETAIN_SELF = YES;
				CLANG_WARN_OBJC_LITERAL_CONVERSION = YES;
				CLANG_WARN_OBJC_ROOT_CLASS = YES_ERROR;
				CLANG_WARN_QUOTED_INCLUDE_IN_FRAMEWORK_HEADER = YES;
				CLANG_WARN_RANGE_LOOP_ANALYSIS = YES;
				CLANG_WARN_STRICT_PROTOTYPES = YES;
				CLANG_WARN_SUSPICIOUS_MOVE = YES;
				CLANG_WARN_UNGUARDED_AVAILABILITY = YES_AGGRESSIVE;
				CLANG_WARN_UNREACHABLE_CODE = YES;
				CLANG_WARN__DUPLICATE_METHOD_MATCH = YES;
				COPY_PHASE_STRIP = NO;
				DEBUG_INFORMATION_FORMAT = "dwarf-with-dsym";
				ENABLE_NS_ASSERTIONS = NO;
				ENABLE_STRICT_OBJC_MSGSEND = YES;
				GCC_C_LANGUAGE_STANDARD = gnu11;
				GCC_NO_COMMON_BLOCKS = YES;
				GCC_WARN_64_TO_32_BIT_CONVERSION = YES;
				GCC_WARN_ABOUT_RETURN_TYPE = YES_ERROR;
				GCC_WARN_UNDECLARED_SELECTOR = YES;
				GCC_WARN_UNINITIALIZED_AUTOS = YES_AGGRESSIVE;
				GCC_WARN_UNUSED_FUNCTION = YES;
				GCC_WARN_UNUSED_VARIABLE = YES;
				IPHONEOS_DEPLOYMENT_TARGET = 14.4;
				MTL_ENABLE_DEBUG_INFO = NO;
				MTL_FAST_MATH = YES;
				SDKROOT = iphoneos;
				VALIDATE_PRODUCT = YES;
			};
			name = Release;
		};
		57B73DEE25C554270074B543 /* Debug */ = {
			isa = XCBuildConfiguration;
			baseConfigurationReference = C5F7C7987AC70590615AC6E0 /* Pods-CityMi.debug.xcconfig */;
			buildSettings = {
				ASSETCATALOG_COMPILER_APPICON_NAME = AppIcon;
				ASSETCATALOG_COMPILER_GLOBAL_ACCENT_COLOR_NAME = AccentColor;
				CODE_SIGN_STYLE = Automatic;
				DEVELOPMENT_TEAM = J7DR2LJWWJ;
				GCC_PRECOMPILE_PREFIX_HEADER = YES;
				GCC_PREFIX_HEADER = "$(SRCROOT)/CityMi/Supporting Files/PrefixHeader.pch";
				INFOPLIST_FILE = "CityMi/Supporting Files/Info.plist";
				LD_RUNPATH_SEARCH_PATHS = (
					"$(inherited)",
					"@executable_path/Frameworks",
				);
				PRODUCT_BUNDLE_IDENTIFIER = JSH.CityMi;
				PRODUCT_NAME = "$(TARGET_NAME)";
				TARGETED_DEVICE_FAMILY = "1,2";
			};
			name = Debug;
		};
		57B73DEF25C554270074B543 /* Release */ = {
			isa = XCBuildConfiguration;
			baseConfigurationReference = 1823590A3BF79171421B4626 /* Pods-CityMi.release.xcconfig */;
			buildSettings = {
				ASSETCATALOG_COMPILER_APPICON_NAME = AppIcon;
				ASSETCATALOG_COMPILER_GLOBAL_ACCENT_COLOR_NAME = AccentColor;
				CODE_SIGN_STYLE = Automatic;
				DEVELOPMENT_TEAM = J7DR2LJWWJ;
				GCC_PRECOMPILE_PREFIX_HEADER = YES;
				GCC_PREFIX_HEADER = "$(SRCROOT)/CityMi/Supporting Files/PrefixHeader.pch";
				INFOPLIST_FILE = "CityMi/Supporting Files/Info.plist";
				LD_RUNPATH_SEARCH_PATHS = (
					"$(inherited)",
					"@executable_path/Frameworks",
				);
				PRODUCT_BUNDLE_IDENTIFIER = JSH.CityMi;
				PRODUCT_NAME = "$(TARGET_NAME)";
				TARGETED_DEVICE_FAMILY = "1,2";
			};
			name = Release;
		};
		57B73DF125C554270074B543 /* Debug */ = {
			isa = XCBuildConfiguration;
			baseConfigurationReference = C254E3D9150A235FC4140EE9 /* Pods-CityMiTests.debug.xcconfig */;
			buildSettings = {
				BUNDLE_LOADER = "$(TEST_HOST)";
				CODE_SIGN_STYLE = Automatic;
				DEVELOPMENT_TEAM = J7DR2LJWWJ;
				INFOPLIST_FILE = CityMiTests/Info.plist;
				IPHONEOS_DEPLOYMENT_TARGET = 14.4;
				LD_RUNPATH_SEARCH_PATHS = (
					"$(inherited)",
					"@executable_path/Frameworks",
					"@loader_path/Frameworks",
				);
				PRODUCT_BUNDLE_IDENTIFIER = JSH.CityMiTests;
				PRODUCT_NAME = "$(TARGET_NAME)";
				TARGETED_DEVICE_FAMILY = "1,2";
				TEST_HOST = "$(BUILT_PRODUCTS_DIR)/CityMi.app/CityMi";
			};
			name = Debug;
		};
		57B73DF225C554270074B543 /* Release */ = {
			isa = XCBuildConfiguration;
			baseConfigurationReference = EB7CB1EC94CE972F8B26B68C /* Pods-CityMiTests.release.xcconfig */;
			buildSettings = {
				BUNDLE_LOADER = "$(TEST_HOST)";
				CODE_SIGN_STYLE = Automatic;
				DEVELOPMENT_TEAM = J7DR2LJWWJ;
				INFOPLIST_FILE = CityMiTests/Info.plist;
				IPHONEOS_DEPLOYMENT_TARGET = 14.4;
				LD_RUNPATH_SEARCH_PATHS = (
					"$(inherited)",
					"@executable_path/Frameworks",
					"@loader_path/Frameworks",
				);
				PRODUCT_BUNDLE_IDENTIFIER = JSH.CityMiTests;
				PRODUCT_NAME = "$(TARGET_NAME)";
				TARGETED_DEVICE_FAMILY = "1,2";
				TEST_HOST = "$(BUILT_PRODUCTS_DIR)/CityMi.app/CityMi";
			};
			name = Release;
		};
		57B73DF425C554270074B543 /* Debug */ = {
			isa = XCBuildConfiguration;
			baseConfigurationReference = CABA9A144C276E44229ADCD0 /* Pods-CityMi-CityMiUITests.debug.xcconfig */;
			buildSettings = {
				CODE_SIGN_STYLE = Automatic;
				DEVELOPMENT_TEAM = J7DR2LJWWJ;
				INFOPLIST_FILE = CityMiUITests/Info.plist;
				LD_RUNPATH_SEARCH_PATHS = (
					"$(inherited)",
					"@executable_path/Frameworks",
					"@loader_path/Frameworks",
				);
				PRODUCT_BUNDLE_IDENTIFIER = JSH.CityMiUITests;
				PRODUCT_NAME = "$(TARGET_NAME)";
				TARGETED_DEVICE_FAMILY = "1,2";
				TEST_TARGET_NAME = CityMi;
			};
			name = Debug;
		};
		57B73DF525C554270074B543 /* Release */ = {
			isa = XCBuildConfiguration;
			baseConfigurationReference = FD2B89A69B399E73B3F740D4 /* Pods-CityMi-CityMiUITests.release.xcconfig */;
			buildSettings = {
				CODE_SIGN_STYLE = Automatic;
				DEVELOPMENT_TEAM = J7DR2LJWWJ;
				INFOPLIST_FILE = CityMiUITests/Info.plist;
				LD_RUNPATH_SEARCH_PATHS = (
					"$(inherited)",
					"@executable_path/Frameworks",
					"@loader_path/Frameworks",
				);
				PRODUCT_BUNDLE_IDENTIFIER = JSH.CityMiUITests;
				PRODUCT_NAME = "$(TARGET_NAME)";
				TARGETED_DEVICE_FAMILY = "1,2";
				TEST_TARGET_NAME = CityMi;
			};
			name = Release;
		};
/* End XCBuildConfiguration section */

/* Begin XCConfigurationList section */
		57B73DB925C554250074B543 /* Build configuration list for PBXProject "CityMi" */ = {
			isa = XCConfigurationList;
			buildConfigurations = (
				57B73DEB25C554270074B543 /* Debug */,
				57B73DEC25C554270074B543 /* Release */,
			);
			defaultConfigurationIsVisible = 0;
			defaultConfigurationName = Release;
		};
		57B73DED25C554270074B543 /* Build configuration list for PBXNativeTarget "CityMi" */ = {
			isa = XCConfigurationList;
			buildConfigurations = (
				57B73DEE25C554270074B543 /* Debug */,
				57B73DEF25C554270074B543 /* Release */,
			);
			defaultConfigurationIsVisible = 0;
			defaultConfigurationName = Release;
		};
		57B73DF025C554270074B543 /* Build configuration list for PBXNativeTarget "CityMiTests" */ = {
			isa = XCConfigurationList;
			buildConfigurations = (
				57B73DF125C554270074B543 /* Debug */,
				57B73DF225C554270074B543 /* Release */,
			);
			defaultConfigurationIsVisible = 0;
			defaultConfigurationName = Release;
		};
		57B73DF325C554270074B543 /* Build configuration list for PBXNativeTarget "CityMiUITests" */ = {
			isa = XCConfigurationList;
			buildConfigurations = (
				57B73DF425C554270074B543 /* Debug */,
				57B73DF525C554270074B543 /* Release */,
			);
			defaultConfigurationIsVisible = 0;
			defaultConfigurationName = Release;
		};
/* End XCConfigurationList section */
	};
	rootObject = 57B73DB625C554250074B543 /* Project object */;
}
